// !$*UTF8*$!
{
	archiveVersion = 1;
	classes = {
	};
	objectVersion = 56;
	objects = {

/* Begin PBXBuildFile section */
		393986E22994F6910079BCBF /* watermarkApp.swift in Sources */ = {isa = PBXBuildFile; fileRef = 393986E12994F6910079BCBF /* watermarkApp.swift */; };
		393986E42994F6910079BCBF /* MainView.swift in Sources */ = {isa = PBXBuildFile; fileRef = 393986E32994F6910079BCBF /* MainView.swift */; };
		393986E62994F6920079BCBF /* Assets.xcassets in Resources */ = {isa = PBXBuildFile; fileRef = 393986E52994F6920079BCBF /* Assets.xcassets */; };
		393986E92994F6920079BCBF /* Preview Assets.xcassets in Resources */ = {isa = PBXBuildFile; fileRef = 393986E82994F6920079BCBF /* Preview Assets.xcassets */; };
		393986F22995031A0079BCBF /* WatermarkHelper.swift in Sources */ = {isa = PBXBuildFile; fileRef = 393986F12995031A0079BCBF /* WatermarkHelper.swift */; };
		393986F4299527B60079BCBF /* donut-spinning.mp4 in Resources */ = {isa = PBXBuildFile; fileRef = 393986F3299527790079BCBF /* donut-spinning.mp4 */; };
<<<<<<< HEAD
		393986F929965CD80079BCBF /* gazing.m4v in Resources */ = {isa = PBXBuildFile; fileRef = 393986F829965CD80079BCBF /* gazing.m4v */; };
=======
		39FAE84D299BB7B100C4A29E /* ProgressVideoView.swift in Sources */ = {isa = PBXBuildFile; fileRef = 39FAE84C299BB7B100C4A29E /* ProgressVideoView.swift */; };
>>>>>>> main
/* End PBXBuildFile section */

/* Begin PBXFileReference section */
		393986DE2994F6910079BCBF /* watermark.app */ = {isa = PBXFileReference; explicitFileType = wrapper.application; includeInIndex = 0; path = watermark.app; sourceTree = BUILT_PRODUCTS_DIR; };
		393986E12994F6910079BCBF /* watermarkApp.swift */ = {isa = PBXFileReference; lastKnownFileType = sourcecode.swift; path = watermarkApp.swift; sourceTree = "<group>"; };
		393986E32994F6910079BCBF /* MainView.swift */ = {isa = PBXFileReference; lastKnownFileType = sourcecode.swift; path = MainView.swift; sourceTree = "<group>"; };
		393986E52994F6920079BCBF /* Assets.xcassets */ = {isa = PBXFileReference; lastKnownFileType = folder.assetcatalog; path = Assets.xcassets; sourceTree = "<group>"; };
		393986E82994F6920079BCBF /* Preview Assets.xcassets */ = {isa = PBXFileReference; lastKnownFileType = folder.assetcatalog; path = "Preview Assets.xcassets"; sourceTree = "<group>"; };
		393986F12995031A0079BCBF /* WatermarkHelper.swift */ = {isa = PBXFileReference; lastKnownFileType = sourcecode.swift; path = WatermarkHelper.swift; sourceTree = "<group>"; };
		393986F3299527790079BCBF /* donut-spinning.mp4 */ = {isa = PBXFileReference; lastKnownFileType = file; path = "donut-spinning.mp4"; sourceTree = "<group>"; };
		393986F529957AF20079BCBF /* Info.plist */ = {isa = PBXFileReference; lastKnownFileType = text.plist; path = Info.plist; sourceTree = "<group>"; };
<<<<<<< HEAD
		393986F829965CD80079BCBF /* gazing.m4v */ = {isa = PBXFileReference; lastKnownFileType = file; path = gazing.m4v; sourceTree = "<group>"; };
=======
		39FAE84C299BB7B100C4A29E /* ProgressVideoView.swift */ = {isa = PBXFileReference; lastKnownFileType = sourcecode.swift; path = ProgressVideoView.swift; sourceTree = "<group>"; };
>>>>>>> main
/* End PBXFileReference section */

/* Begin PBXFrameworksBuildPhase section */
		393986DB2994F6910079BCBF /* Frameworks */ = {
			isa = PBXFrameworksBuildPhase;
			buildActionMask = 2147483647;
			files = (
			);
			runOnlyForDeploymentPostprocessing = 0;
		};
/* End PBXFrameworksBuildPhase section */

/* Begin PBXGroup section */
		393986D52994F6910079BCBF = {
			isa = PBXGroup;
			children = (
				393986E02994F6910079BCBF /* watermark */,
				393986DF2994F6910079BCBF /* Products */,
			);
			sourceTree = "<group>";
		};
		393986DF2994F6910079BCBF /* Products */ = {
			isa = PBXGroup;
			children = (
				393986DE2994F6910079BCBF /* watermark.app */,
			);
			name = Products;
			sourceTree = "<group>";
		};
		393986E02994F6910079BCBF /* watermark */ = {
			isa = PBXGroup;
			children = (
				393986F529957AF20079BCBF /* Info.plist */,
				393986E12994F6910079BCBF /* watermarkApp.swift */,
				393986E32994F6910079BCBF /* MainView.swift */,
				39FAE84C299BB7B100C4A29E /* ProgressVideoView.swift */,
				393986F12995031A0079BCBF /* WatermarkHelper.swift */,
				393986F829965CD80079BCBF /* gazing.m4v */,
				393986F3299527790079BCBF /* donut-spinning.mp4 */,
				393986E52994F6920079BCBF /* Assets.xcassets */,
				393986E72994F6920079BCBF /* Preview Content */,
			);
			path = watermark;
			sourceTree = "<group>";
		};
		393986E72994F6920079BCBF /* Preview Content */ = {
			isa = PBXGroup;
			children = (
				393986E82994F6920079BCBF /* Preview Assets.xcassets */,
			);
			path = "Preview Content";
			sourceTree = "<group>";
		};
/* End PBXGroup section */

/* Begin PBXNativeTarget section */
		393986DD2994F6910079BCBF /* watermark */ = {
			isa = PBXNativeTarget;
			buildConfigurationList = 393986EC2994F6920079BCBF /* Build configuration list for PBXNativeTarget "watermark" */;
			buildPhases = (
				393986DA2994F6910079BCBF /* Sources */,
				393986DB2994F6910079BCBF /* Frameworks */,
				393986DC2994F6910079BCBF /* Resources */,
			);
			buildRules = (
			);
			dependencies = (
			);
			name = watermark;
			productName = watermark;
			productReference = 393986DE2994F6910079BCBF /* watermark.app */;
			productType = "com.apple.product-type.application";
		};
/* End PBXNativeTarget section */

/* Begin PBXProject section */
		393986D62994F6910079BCBF /* Project object */ = {
			isa = PBXProject;
			attributes = {
				BuildIndependentTargetsInParallel = 1;
				LastSwiftUpdateCheck = 1410;
				LastUpgradeCheck = 1410;
				TargetAttributes = {
					393986DD2994F6910079BCBF = {
						CreatedOnToolsVersion = 14.1;
					};
				};
			};
			buildConfigurationList = 393986D92994F6910079BCBF /* Build configuration list for PBXProject "watermark" */;
			compatibilityVersion = "Xcode 14.0";
			developmentRegion = en;
			hasScannedForEncodings = 0;
			knownRegions = (
				en,
				Base,
			);
			mainGroup = 393986D52994F6910079BCBF;
			productRefGroup = 393986DF2994F6910079BCBF /* Products */;
			projectDirPath = "";
			projectRoot = "";
			targets = (
				393986DD2994F6910079BCBF /* watermark */,
			);
		};
/* End PBXProject section */

/* Begin PBXResourcesBuildPhase section */
		393986DC2994F6910079BCBF /* Resources */ = {
			isa = PBXResourcesBuildPhase;
			buildActionMask = 2147483647;
			files = (
				393986F4299527B60079BCBF /* donut-spinning.mp4 in Resources */,
				393986E92994F6920079BCBF /* Preview Assets.xcassets in Resources */,
				393986E62994F6920079BCBF /* Assets.xcassets in Resources */,
				393986F929965CD80079BCBF /* gazing.m4v in Resources */,
			);
			runOnlyForDeploymentPostprocessing = 0;
		};
/* End PBXResourcesBuildPhase section */

/* Begin PBXSourcesBuildPhase section */
		393986DA2994F6910079BCBF /* Sources */ = {
			isa = PBXSourcesBuildPhase;
			buildActionMask = 2147483647;
			files = (
				393986E42994F6910079BCBF /* MainView.swift in Sources */,
				393986F22995031A0079BCBF /* WatermarkHelper.swift in Sources */,
				39FAE84D299BB7B100C4A29E /* ProgressVideoView.swift in Sources */,
				393986E22994F6910079BCBF /* watermarkApp.swift in Sources */,
			);
			runOnlyForDeploymentPostprocessing = 0;
		};
/* End PBXSourcesBuildPhase section */

/* Begin XCBuildConfiguration section */
		393986EA2994F6920079BCBF /* Debug */ = {
			isa = XCBuildConfiguration;
			buildSettings = {
				ALWAYS_SEARCH_USER_PATHS = NO;
				CLANG_ANALYZER_NONNULL = YES;
				CLANG_ANALYZER_NUMBER_OBJECT_CONVERSION = YES_AGGRESSIVE;
				CLANG_CXX_LANGUAGE_STANDARD = "gnu++20";
				CLANG_ENABLE_MODULES = YES;
				CLANG_ENABLE_OBJC_ARC = YES;
				CLANG_ENABLE_OBJC_WEAK = YES;
				CLANG_WARN_BLOCK_CAPTURE_AUTORELEASING = YES;
				CLANG_WARN_BOOL_CONVERSION = YES;
				CLANG_WARN_COMMA = YES;
				CLANG_WARN_CONSTANT_CONVERSION = YES;
				CLANG_WARN_DEPRECATED_OBJC_IMPLEMENTATIONS = YES;
				CLANG_WARN_DIRECT_OBJC_ISA_USAGE = YES_ERROR;
				CLANG_WARN_DOCUMENTATION_COMMENTS = YES;
				CLANG_WARN_EMPTY_BODY = YES;
				CLANG_WARN_ENUM_CONVERSION = YES;
				CLANG_WARN_INFINITE_RECURSION = YES;
				CLANG_WARN_INT_CONVERSION = YES;
				CLANG_WARN_NON_LITERAL_NULL_CONVERSION = YES;
				CLANG_WARN_OBJC_IMPLICIT_RETAIN_SELF = YES;
				CLANG_WARN_OBJC_LITERAL_CONVERSION = YES;
				CLANG_WARN_OBJC_ROOT_CLASS = YES_ERROR;
				CLANG_WARN_QUOTED_INCLUDE_IN_FRAMEWORK_HEADER = YES;
				CLANG_WARN_RANGE_LOOP_ANALYSIS = YES;
				CLANG_WARN_STRICT_PROTOTYPES = YES;
				CLANG_WARN_SUSPICIOUS_MOVE = YES;
				CLANG_WARN_UNGUARDED_AVAILABILITY = YES_AGGRESSIVE;
				CLANG_WARN_UNREACHABLE_CODE = YES;
				CLANG_WARN__DUPLICATE_METHOD_MATCH = YES;
				COPY_PHASE_STRIP = NO;
				DEBUG_INFORMATION_FORMAT = dwarf;
				ENABLE_STRICT_OBJC_MSGSEND = YES;
				ENABLE_TESTABILITY = YES;
				GCC_C_LANGUAGE_STANDARD = gnu11;
				GCC_DYNAMIC_NO_PIC = NO;
				GCC_NO_COMMON_BLOCKS = YES;
				GCC_OPTIMIZATION_LEVEL = 0;
				GCC_PREPROCESSOR_DEFINITIONS = (
					"DEBUG=1",
					"$(inherited)",
				);
				GCC_WARN_64_TO_32_BIT_CONVERSION = YES;
				GCC_WARN_ABOUT_RETURN_TYPE = YES_ERROR;
				GCC_WARN_UNDECLARED_SELECTOR = YES;
				GCC_WARN_UNINITIALIZED_AUTOS = YES_AGGRESSIVE;
				GCC_WARN_UNUSED_FUNCTION = YES;
				GCC_WARN_UNUSED_VARIABLE = YES;
				IPHONEOS_DEPLOYMENT_TARGET = 16.1;
				MTL_ENABLE_DEBUG_INFO = INCLUDE_SOURCE;
				MTL_FAST_MATH = YES;
				ONLY_ACTIVE_ARCH = YES;
				SDKROOT = iphoneos;
				SWIFT_ACTIVE_COMPILATION_CONDITIONS = DEBUG;
				SWIFT_OPTIMIZATION_LEVEL = "-Onone";
			};
			name = Debug;
		};
		393986EB2994F6920079BCBF /* Release */ = {
			isa = XCBuildConfiguration;
			buildSettings = {
				ALWAYS_SEARCH_USER_PATHS = NO;
				CLANG_ANALYZER_NONNULL = YES;
				CLANG_ANALYZER_NUMBER_OBJECT_CONVERSION = YES_AGGRESSIVE;
				CLANG_CXX_LANGUAGE_STANDARD = "gnu++20";
				CLANG_ENABLE_MODULES = YES;
				CLANG_ENABLE_OBJC_ARC = YES;
				CLANG_ENABLE_OBJC_WEAK = YES;
				CLANG_WARN_BLOCK_CAPTURE_AUTORELEASING = YES;
				CLANG_WARN_BOOL_CONVERSION = YES;
				CLANG_WARN_COMMA = YES;
				CLANG_WARN_CONSTANT_CONVERSION = YES;
				CLANG_WARN_DEPRECATED_OBJC_IMPLEMENTATIONS = YES;
				CLANG_WARN_DIRECT_OBJC_ISA_USAGE = YES_ERROR;
				CLANG_WARN_DOCUMENTATION_COMMENTS = YES;
				CLANG_WARN_EMPTY_BODY = YES;
				CLANG_WARN_ENUM_CONVERSION = YES;
				CLANG_WARN_INFINITE_RECURSION = YES;
				CLANG_WARN_INT_CONVERSION = YES;
				CLANG_WARN_NON_LITERAL_NULL_CONVERSION = YES;
				CLANG_WARN_OBJC_IMPLICIT_RETAIN_SELF = YES;
				CLANG_WARN_OBJC_LITERAL_CONVERSION = YES;
				CLANG_WARN_OBJC_ROOT_CLASS = YES_ERROR;
				CLANG_WARN_QUOTED_INCLUDE_IN_FRAMEWORK_HEADER = YES;
				CLANG_WARN_RANGE_LOOP_ANALYSIS = YES;
				CLANG_WARN_STRICT_PROTOTYPES = YES;
				CLANG_WARN_SUSPICIOUS_MOVE = YES;
				CLANG_WARN_UNGUARDED_AVAILABILITY = YES_AGGRESSIVE;
				CLANG_WARN_UNREACHABLE_CODE = YES;
				CLANG_WARN__DUPLICATE_METHOD_MATCH = YES;
				COPY_PHASE_STRIP = NO;
				DEBUG_INFORMATION_FORMAT = "dwarf-with-dsym";
				ENABLE_NS_ASSERTIONS = NO;
				ENABLE_STRICT_OBJC_MSGSEND = YES;
				GCC_C_LANGUAGE_STANDARD = gnu11;
				GCC_NO_COMMON_BLOCKS = YES;
				GCC_WARN_64_TO_32_BIT_CONVERSION = YES;
				GCC_WARN_ABOUT_RETURN_TYPE = YES_ERROR;
				GCC_WARN_UNDECLARED_SELECTOR = YES;
				GCC_WARN_UNINITIALIZED_AUTOS = YES_AGGRESSIVE;
				GCC_WARN_UNUSED_FUNCTION = YES;
				GCC_WARN_UNUSED_VARIABLE = YES;
				IPHONEOS_DEPLOYMENT_TARGET = 16.1;
				MTL_ENABLE_DEBUG_INFO = NO;
				MTL_FAST_MATH = YES;
				SDKROOT = iphoneos;
				SWIFT_COMPILATION_MODE = wholemodule;
				SWIFT_OPTIMIZATION_LEVEL = "-O";
				VALIDATE_PRODUCT = YES;
			};
			name = Release;
		};
		393986ED2994F6920079BCBF /* Debug */ = {
			isa = XCBuildConfiguration;
			buildSettings = {
				ASSETCATALOG_COMPILER_APPICON_NAME = AppIcon;
				ASSETCATALOG_COMPILER_GLOBAL_ACCENT_COLOR_NAME = AccentColor;
				CODE_SIGN_STYLE = Automatic;
				CURRENT_PROJECT_VERSION = 1;
				DEVELOPMENT_ASSET_PATHS = "\"watermark/Preview Content\"";
				DEVELOPMENT_TEAM = 5Y3322JWHB;
				ENABLE_PREVIEWS = YES;
				GENERATE_INFOPLIST_FILE = YES;
				INFOPLIST_FILE = watermark/Info.plist;
				INFOPLIST_KEY_UIApplicationSceneManifest_Generation = YES;
				INFOPLIST_KEY_UIApplicationSupportsIndirectInputEvents = YES;
				INFOPLIST_KEY_UILaunchScreen_Generation = YES;
				INFOPLIST_KEY_UISupportedInterfaceOrientations_iPad = "UIInterfaceOrientationPortrait UIInterfaceOrientationPortraitUpsideDown UIInterfaceOrientationLandscapeLeft UIInterfaceOrientationLandscapeRight";
				INFOPLIST_KEY_UISupportedInterfaceOrientations_iPhone = "UIInterfaceOrientationPortrait UIInterfaceOrientationLandscapeLeft UIInterfaceOrientationLandscapeRight";
				LD_RUNPATH_SEARCH_PATHS = (
					"$(inherited)",
					"@executable_path/Frameworks",
				);
				MARKETING_VERSION = 1.0;
				PRODUCT_BUNDLE_IDENTIFIER = perivalebluebell.com.watermark;
				PRODUCT_NAME = "$(TARGET_NAME)";
				SWIFT_EMIT_LOC_STRINGS = YES;
				SWIFT_VERSION = 5.0;
				TARGETED_DEVICE_FAMILY = "1,2";
			};
			name = Debug;
		};
		393986EE2994F6920079BCBF /* Release */ = {
			isa = XCBuildConfiguration;
			buildSettings = {
				ASSETCATALOG_COMPILER_APPICON_NAME = AppIcon;
				ASSETCATALOG_COMPILER_GLOBAL_ACCENT_COLOR_NAME = AccentColor;
				CODE_SIGN_STYLE = Automatic;
				CURRENT_PROJECT_VERSION = 1;
				DEVELOPMENT_ASSET_PATHS = "\"watermark/Preview Content\"";
				DEVELOPMENT_TEAM = 5Y3322JWHB;
				ENABLE_PREVIEWS = YES;
				GENERATE_INFOPLIST_FILE = YES;
				INFOPLIST_FILE = watermark/Info.plist;
				INFOPLIST_KEY_UIApplicationSceneManifest_Generation = YES;
				INFOPLIST_KEY_UIApplicationSupportsIndirectInputEvents = YES;
				INFOPLIST_KEY_UILaunchScreen_Generation = YES;
				INFOPLIST_KEY_UISupportedInterfaceOrientations_iPad = "UIInterfaceOrientationPortrait UIInterfaceOrientationPortraitUpsideDown UIInterfaceOrientationLandscapeLeft UIInterfaceOrientationLandscapeRight";
				INFOPLIST_KEY_UISupportedInterfaceOrientations_iPhone = "UIInterfaceOrientationPortrait UIInterfaceOrientationLandscapeLeft UIInterfaceOrientationLandscapeRight";
				LD_RUNPATH_SEARCH_PATHS = (
					"$(inherited)",
					"@executable_path/Frameworks",
				);
				MARKETING_VERSION = 1.0;
				PRODUCT_BUNDLE_IDENTIFIER = perivalebluebell.com.watermark;
				PRODUCT_NAME = "$(TARGET_NAME)";
				SWIFT_EMIT_LOC_STRINGS = YES;
				SWIFT_VERSION = 5.0;
				TARGETED_DEVICE_FAMILY = "1,2";
			};
			name = Release;
		};
/* End XCBuildConfiguration section */

/* Begin XCConfigurationList section */
		393986D92994F6910079BCBF /* Build configuration list for PBXProject "watermark" */ = {
			isa = XCConfigurationList;
			buildConfigurations = (
				393986EA2994F6920079BCBF /* Debug */,
				393986EB2994F6920079BCBF /* Release */,
			);
			defaultConfigurationIsVisible = 0;
			defaultConfigurationName = Release;
		};
		393986EC2994F6920079BCBF /* Build configuration list for PBXNativeTarget "watermark" */ = {
			isa = XCConfigurationList;
			buildConfigurations = (
				393986ED2994F6920079BCBF /* Debug */,
				393986EE2994F6920079BCBF /* Release */,
			);
			defaultConfigurationIsVisible = 0;
			defaultConfigurationName = Release;
		};
/* End XCConfigurationList section */
	};
	rootObject = 393986D62994F6910079BCBF /* Project object */;
}
